{
  "name": "ThreeJS_Tutorial_BasicWorld-main",
  "lockfileVersion": 2,
  "requires": true,
  "packages": {
    "": {
      "dependencies": {
        "three": "^0.135.0",
        "three-proton-loader": "^1.1.0",
        "three.proton.js": "^0.2.3"
      }
    },
    "node_modules/three": {
      "version": "0.135.0",
      "resolved": "https://registry.npmjs.org/three/-/three-0.135.0.tgz",
      "integrity": "sha512-kuEpuuxRzLv0MDsXai9huCxOSQPZ4vje6y0gn80SRmQvgz6/+rI0NAvCRAw56zYaWKMGMfqKWsxF9Qa2Z9xymQ=="
    },
    "node_modules/three-proton-loader": {
      "version": "1.1.0",
      "resolved": "https://registry.npmjs.org/three-proton-loader/-/three-proton-loader-1.1.0.tgz",
      "integrity": "sha1-FpnbONg++wqifIB2wpz57QeOavI="
    },
    "node_modules/three.proton.js": {
      "version": "0.2.3",
      "resolved": "https://registry.npmjs.org/three.proton.js/-/three.proton.js-0.2.3.tgz",
      "integrity": "sha512-NGwy1/SGxfDWB3lhsd6WGk92x01r/roNJ3yYHzBgPJvZBJsD93dhkIMavirQMiS8HtGyXX+yeleqematdOvArw=="
    }
  },
  "dependencies": {
    "three": {
      "version": "0.135.0",
      "resolved": "https://registry.npmjs.org/three/-/three-0.135.0.tgz",
      "integrity": "sha512-kuEpuuxRzLv0MDsXai9huCxOSQPZ4vje6y0gn80SRmQvgz6/+rI0NAvCRAw56zYaWKMGMfqKWsxF9Qa2Z9xymQ=="
    },
    "three-proton-loader": {
      "version": "1.1.0",
      "resolved": "https://registry.npmjs.org/three-proton-loader/-/three-proton-loader-1.1.0.tgz",
      "integrity": "sha1-FpnbONg++wqifIB2wpz57QeOavI="
    },
    "three.proton.js": {
      "version": "0.2.3",
      "resolved": "https://registry.npmjs.org/three.proton.js/-/three.proton.js-0.2.3.tgz",
      "integrity": "sha512-NGwy1/SGxfDWB3lhsd6WGk92x01r/roNJ3yYHzBgPJvZBJsD93dhkIMavirQMiS8HtGyXX+yeleqematdOvArw=="
    }
  }
}
